
Microsoft Visual Studio Solution File, Format Version 12.00
# Visual Studio Version 17
VisualStudioVersion = 17.7.34031.279
MinimumVisualStudioVersion = 10.0.40219.1
Project("{FAE04EC0-301F-11D3-BF4B-00C04F79EFBC}") = "AsyncTriangleAreaCalculator", "AsyncTriangleAreaCalculator\AsyncTriangleAreaCalculator.csproj", "{78D34E2A-9E63-4477-9C5B-AD6CE9BF8C99}"
EndProject
Global
	GlobalSection(SolutionConfigurationPlatforms) = preSolution
		Debug|Any CPU = Debug|Any CPU
		Release|Any CPU = Release|Any CPU
	EndGlobalSection
	GlobalSection(ProjectConfigurationPlatforms) = postSolution
		{78D34E2A-9E63-4477-9C5B-AD6CE9BF8C99}.Debug|Any CPU.ActiveCfg = Debug|Any CPU
		{78D34E2A-9E63-4477-9C5B-AD6CE9BF8C99}.Debug|Any CPU.Build.0 = Debug|Any CPU
		{78D34E2A-9E63-4477-9C5B-AD6CE9BF8C99}.Release|Any CPU.ActiveCfg = Release|Any CPU
		{78D34E2A-9E63-4477-9C5B-AD6CE9BF8C99}.Release|Any CPU.Build.0 = Release|Any CPU
	EndGlobalSection
	GlobalSection(SolutionProperties) = preSolution
		HideSolutionNode = FALSE
	EndGlobalSection
	GlobalSection(ExtensibilityGlobals) = postSolution
		SolutionGuid = {F5E0C9EA-F901-4FFC-B4D8-D22C1ED049D2}
	EndGlobalSection
EndGlobal
